
Microsoft Visual Studio Solution File, Format Version 12.00
# Visual Studio Version 16
VisualStudioVersion = 16.0.29509.3
MinimumVisualStudioVersion = 10.0.40219.1
Project("{FAE04EC0-301F-11D3-BF4B-00C04F79EFBC}") = "TM_Comms_WPF.Net", "TM_Comms_WPF.Net\TM_Comms_WPF.Net.csproj", "{881DE70E-29E9-421B-9583-58A6F8860549}"
EndProject
Global
	GlobalSection(SolutionConfigurationPlatforms) = preSolution
		Debug|Any CPU = Debug|Any CPU
		Debug|x64 = Debug|x64
		Debug|x86 = Debug|x86
		Release|Any CPU = Release|Any CPU
		Release|x64 = Release|x64
		Release|x86 = Release|x86
	EndGlobalSection
	GlobalSection(ProjectConfigurationPlatforms) = postSolution
		{881DE70E-29E9-421B-9583-58A6F8860549}.Debug|Any CPU.ActiveCfg = Debug|Any CPU
		{881DE70E-29E9-421B-9583-58A6F8860549}.Debug|Any CPU.Build.0 = Debug|Any CPU
		{881DE70E-29E9-421B-9583-58A6F8860549}.Debug|x64.ActiveCfg = Debug|Any CPU
		{881DE70E-29E9-421B-9583-58A6F8860549}.Debug|x64.Build.0 = Debug|Any CPU
		{881DE70E-29E9-421B-9583-58A6F8860549}.Debug|x86.ActiveCfg = Debug|Any CPU
		{881DE70E-29E9-421B-9583-58A6F8860549}.Debug|x86.Build.0 = Debug|Any CPU
		{881DE70E-29E9-421B-9583-58A6F8860549}.Release|Any CPU.ActiveCfg = Release|Any CPU
		{881DE70E-29E9-421B-9583-58A6F8860549}.Release|Any CPU.Build.0 = Release|Any CPU
		{881DE70E-29E9-421B-9583-58A6F8860549}.Release|x64.ActiveCfg = Release|Any CPU
		{881DE70E-29E9-421B-9583-58A6F8860549}.Release|x64.Build.0 = Release|Any CPU
		{881DE70E-29E9-421B-9583-58A6F8860549}.Release|x86.ActiveCfg = Release|Any CPU
		{881DE70E-29E9-421B-9583-58A6F8860549}.Release|x86.Build.0 = Release|Any CPU
	EndGlobalSection
	GlobalSection(SolutionProperties) = preSolution
		HideSolutionNode = FALSE
	EndGlobalSection
	GlobalSection(ExtensibilityGlobals) = postSolution
		SolutionGuid = {8E9497EB-5076-4EE7-B70B-4A1ABFFC9695}
	EndGlobalSection
EndGlobal
